
Microsoft Visual Studio Solution File, Format Version 12.00
# Visual Studio 15
VisualStudioVersion = 15.0.27703.2035
MinimumVisualStudioVersion = 10.0.40219.1
Project("{FAE04EC0-301F-11D3-BF4B-00C04F79EFBC}") = "Example1", "Example1\Example1.csproj", "{704A198C-2326-448D-9CE2-B59645D6E145}"
EndProject
Global
	GlobalSection(SolutionConfigurationPlatforms) = preSolution
		Debug|Any CPU = Debug|Any CPU
		Release|Any CPU = Release|Any CPU
	EndGlobalSection
	GlobalSection(ProjectConfigurationPlatforms) = postSolution
		{704A198C-2326-448D-9CE2-B59645D6E145}.Debug|Any CPU.ActiveCfg = Debug|Any CPU
		{704A198C-2326-448D-9CE2-B59645D6E145}.Debug|Any CPU.Build.0 = Debug|Any CPU
		{704A198C-2326-448D-9CE2-B59645D6E145}.Release|Any CPU.ActiveCfg = Release|Any CPU
		{704A198C-2326-448D-9CE2-B59645D6E145}.Release|Any CPU.Build.0 = Release|Any CPU
	EndGlobalSection
	GlobalSection(SolutionProperties) = preSolution
		HideSolutionNode = FALSE
	EndGlobalSection
	GlobalSection(ExtensibilityGlobals) = postSolution
		SolutionGuid = {DD5558FB-9340-4AE3-AEDA-9FB87CC5F114}
	EndGlobalSection
EndGlobal
