
Microsoft Visual Studio Solution File, Format Version 12.00
# Visual Studio 15
VisualStudioVersion = 15.0.27703.2035
MinimumVisualStudioVersion = 10.0.40219.1
Project("{FAE04EC0-301F-11D3-BF4B-00C04F79EFBC}") = "Example1", "Example1\Example1.csproj", "{67BD3673-5505-412A-8305-DC923A83D84C}"
EndProject
Global
	GlobalSection(SolutionConfigurationPlatforms) = preSolution
		Debug|Any CPU = Debug|Any CPU
		Release|Any CPU = Release|Any CPU
	EndGlobalSection
	GlobalSection(ProjectConfigurationPlatforms) = postSolution
		{67BD3673-5505-412A-8305-DC923A83D84C}.Debug|Any CPU.ActiveCfg = Debug|Any CPU
		{67BD3673-5505-412A-8305-DC923A83D84C}.Debug|Any CPU.Build.0 = Debug|Any CPU
		{67BD3673-5505-412A-8305-DC923A83D84C}.Release|Any CPU.ActiveCfg = Release|Any CPU
		{67BD3673-5505-412A-8305-DC923A83D84C}.Release|Any CPU.Build.0 = Release|Any CPU
	EndGlobalSection
	GlobalSection(SolutionProperties) = preSolution
		HideSolutionNode = FALSE
	EndGlobalSection
	GlobalSection(ExtensibilityGlobals) = postSolution
		SolutionGuid = {DFAFB672-E7C1-4552-845A-8D77B189DE20}
	EndGlobalSection
EndGlobal
