
Microsoft Visual Studio Solution File, Format Version 12.00
# Visual Studio 15
VisualStudioVersion = 15.0.27703.2042
MinimumVisualStudioVersion = 10.0.40219.1
Project("{FAE04EC0-301F-11D3-BF4B-00C04F79EFBC}") = "HashtableExamples", "HashtableExamples\HashtableExamples.csproj", "{37E9B3E1-96F3-46E5-BC67-0BCA3A962F13}"
EndProject
Global
	GlobalSection(SolutionConfigurationPlatforms) = preSolution
		Debug|Any CPU = Debug|Any CPU
		Release|Any CPU = Release|Any CPU
	EndGlobalSection
	GlobalSection(ProjectConfigurationPlatforms) = postSolution
		{37E9B3E1-96F3-46E5-BC67-0BCA3A962F13}.Debug|Any CPU.ActiveCfg = Debug|Any CPU
		{37E9B3E1-96F3-46E5-BC67-0BCA3A962F13}.Debug|Any CPU.Build.0 = Debug|Any CPU
		{37E9B3E1-96F3-46E5-BC67-0BCA3A962F13}.Release|Any CPU.ActiveCfg = Release|Any CPU
		{37E9B3E1-96F3-46E5-BC67-0BCA3A962F13}.Release|Any CPU.Build.0 = Release|Any CPU
	EndGlobalSection
	GlobalSection(SolutionProperties) = preSolution
		HideSolutionNode = FALSE
	EndGlobalSection
	GlobalSection(ExtensibilityGlobals) = postSolution
		SolutionGuid = {B939293A-FDD6-4BDC-B190-CCA9F40F0E0E}
	EndGlobalSection
EndGlobal
